// !$*UTF8*$!
{
	archiveVersion = 1;
	classes = {
	};
	objectVersion = 46;
	objects = {

/* Begin PBXBuildFile section */
		960480E71C1DCFA300841E01 /* AppDelegate.swift in Sources */ = {isa = PBXBuildFile; fileRef = 960480E61C1DCFA300841E01 /* AppDelegate.swift */; };
		960480E91C1DCFA300841E01 /* GameScene.sks in Resources */ = {isa = PBXBuildFile; fileRef = 960480E81C1DCFA300841E01 /* GameScene.sks */; };
		960480EB1C1DCFA300841E01 /* GameScene.swift in Sources */ = {isa = PBXBuildFile; fileRef = 960480EA1C1DCFA300841E01 /* GameScene.swift */; };
		960480ED1C1DCFA300841E01 /* GameViewController.swift in Sources */ = {isa = PBXBuildFile; fileRef = 960480EC1C1DCFA300841E01 /* GameViewController.swift */; };
		960480F01C1DCFA300841E01 /* Main.storyboard in Resources */ = {isa = PBXBuildFile; fileRef = 960480EE1C1DCFA300841E01 /* Main.storyboard */; };
		960480F21C1DCFA300841E01 /* Assets.xcassets in Resources */ = {isa = PBXBuildFile; fileRef = 960480F11C1DCFA300841E01 /* Assets.xcassets */; };
		960480F51C1DCFA300841E01 /* LaunchScreen.storyboard in Resources */ = {isa = PBXBuildFile; fileRef = 960480F31C1DCFA300841E01 /* LaunchScreen.storyboard */; };
		967E7E281C1DCFD600416BB3 /* SKDestructibleNode.swift in Sources */ = {isa = PBXBuildFile; fileRef = 967E7E271C1DCFD600416BB3 /* SKDestructibleNode.swift */; };
		967E7E2F1C1DD01800416BB3 /* Circle.png in Resources */ = {isa = PBXBuildFile; fileRef = 967E7E291C1DD01800416BB3 /* Circle.png */; };
		967E7E301C1DD01800416BB3 /* Mario.png in Resources */ = {isa = PBXBuildFile; fileRef = 967E7E2A1C1DD01800416BB3 /* Mario.png */; };
		967E7E311C1DD01800416BB3 /* House.png in Resources */ = {isa = PBXBuildFile; fileRef = 967E7E2B1C1DD01800416BB3 /* House.png */; };
		967E7E321C1DD01800416BB3 /* SinisterClown.png in Resources */ = {isa = PBXBuildFile; fileRef = 967E7E2C1C1DD01800416BB3 /* SinisterClown.png */; };
		967E7E331C1DD01800416BB3 /* Bacon.png in Resources */ = {isa = PBXBuildFile; fileRef = 967E7E2D1C1DD01800416BB3 /* Bacon.png */; };
		967E7E341C1DD01800416BB3 /* RoundedSquare.png in Resources */ = {isa = PBXBuildFile; fileRef = 967E7E2E1C1DD01800416BB3 /* RoundedSquare.png */; };
/* End PBXBuildFile section */

/* Begin PBXFileReference section */
		960480E31C1DCFA300841E01 /* SKDestructibleNode.app */ = {isa = PBXFileReference; explicitFileType = wrapper.application; includeInIndex = 0; path = SKDestructibleNode.app; sourceTree = BUILT_PRODUCTS_DIR; };
		960480E61C1DCFA300841E01 /* AppDelegate.swift */ = {isa = PBXFileReference; lastKnownFileType = sourcecode.swift; path = AppDelegate.swift; sourceTree = "<group>"; };
		960480E81C1DCFA300841E01 /* GameScene.sks */ = {isa = PBXFileReference; lastKnownFileType = file.sks; path = GameScene.sks; sourceTree = "<group>"; };
		960480EA1C1DCFA300841E01 /* GameScene.swift */ = {isa = PBXFileReference; lastKnownFileType = sourcecode.swift; path = GameScene.swift; sourceTree = "<group>"; };
		960480EC1C1DCFA300841E01 /* GameViewController.swift */ = {isa = PBXFileReference; lastKnownFileType = sourcecode.swift; path = GameViewController.swift; sourceTree = "<group>"; };
		960480EF1C1DCFA300841E01 /* Base */ = {isa = PBXFileReference; lastKnownFileType = file.storyboard; name = Base; path = Base.lproj/Main.storyboard; sourceTree = "<group>"; };
		960480F11C1DCFA300841E01 /* Assets.xcassets */ = {isa = PBXFileReference; lastKnownFileType = folder.assetcatalog; path = Assets.xcassets; sourceTree = "<group>"; };
		960480F41C1DCFA300841E01 /* Base */ = {isa = PBXFileReference; lastKnownFileType = file.storyboard; name = Base; path = Base.lproj/LaunchScreen.storyboard; sourceTree = "<group>"; };
		960480F61C1DCFA300841E01 /* Info.plist */ = {isa = PBXFileReference; lastKnownFileType = text.plist.xml; path = Info.plist; sourceTree = "<group>"; };
		967E7E271C1DCFD600416BB3 /* SKDestructibleNode.swift */ = {isa = PBXFileReference; fileEncoding = 4; lastKnownFileType = sourcecode.swift; path = SKDestructibleNode.swift; sourceTree = "<group>"; };
		967E7E291C1DD01800416BB3 /* Circle.png */ = {isa = PBXFileReference; lastKnownFileType = image.png; path = Circle.png; sourceTree = "<group>"; };
		967E7E2A1C1DD01800416BB3 /* Mario.png */ = {isa = PBXFileReference; lastKnownFileType = image.png; path = Mario.png; sourceTree = "<group>"; };
		967E7E2B1C1DD01800416BB3 /* House.png */ = {isa = PBXFileReference; lastKnownFileType = image.png; path = House.png; sourceTree = "<group>"; };
		967E7E2C1C1DD01800416BB3 /* SinisterClown.png */ = {isa = PBXFileReference; lastKnownFileType = image.png; path = SinisterClown.png; sourceTree = "<group>"; };
		967E7E2D1C1DD01800416BB3 /* Bacon.png */ = {isa = PBXFileReference; lastKnownFileType = image.png; path = Bacon.png; sourceTree = "<group>"; };
		967E7E2E1C1DD01800416BB3 /* RoundedSquare.png */ = {isa = PBXFileReference; lastKnownFileType = image.png; path = RoundedSquare.png; sourceTree = "<group>"; };
/* End PBXFileReference section */

/* Begin PBXFrameworksBuildPhase section */
		960480E01C1DCFA300841E01 /* Frameworks */ = {
			isa = PBXFrameworksBuildPhase;
			buildActionMask = 2147483647;
			files = (
			);
			runOnlyForDeploymentPostprocessing = 0;
		};
/* End PBXFrameworksBuildPhase section */

/* Begin PBXGroup section */
		960480DA1C1DCFA300841E01 = {
			isa = PBXGroup;
			children = (
				960480E51C1DCFA300841E01 /* SKDestructibleNode */,
				960480E41C1DCFA300841E01 /* Products */,
			);
			sourceTree = "<group>";
		};
		960480E41C1DCFA300841E01 /* Products */ = {
			isa = PBXGroup;
			children = (
				960480E31C1DCFA300841E01 /* SKDestructibleNode.app */,
			);
			name = Products;
			sourceTree = "<group>";
		};
		960480E51C1DCFA300841E01 /* SKDestructibleNode */ = {
			isa = PBXGroup;
			children = (
				967E7E291C1DD01800416BB3 /* Circle.png */,
				967E7E2A1C1DD01800416BB3 /* Mario.png */,
				967E7E2B1C1DD01800416BB3 /* House.png */,
				967E7E2C1C1DD01800416BB3 /* SinisterClown.png */,
				967E7E2D1C1DD01800416BB3 /* Bacon.png */,
				967E7E2E1C1DD01800416BB3 /* RoundedSquare.png */,
				960480E61C1DCFA300841E01 /* AppDelegate.swift */,
				960480E81C1DCFA300841E01 /* GameScene.sks */,
				960480EA1C1DCFA300841E01 /* GameScene.swift */,
				960480EC1C1DCFA300841E01 /* GameViewController.swift */,
				960480EE1C1DCFA300841E01 /* Main.storyboard */,
				960480F11C1DCFA300841E01 /* Assets.xcassets */,
				960480F31C1DCFA300841E01 /* LaunchScreen.storyboard */,
				960480F61C1DCFA300841E01 /* Info.plist */,
				967E7E271C1DCFD600416BB3 /* SKDestructibleNode.swift */,
			);
			path = SKDestructibleNode;
			sourceTree = "<group>";
		};
/* End PBXGroup section */

/* Begin PBXNativeTarget section */
		960480E21C1DCFA300841E01 /* SKDestructibleNode */ = {
			isa = PBXNativeTarget;
			buildConfigurationList = 960480F91C1DCFA300841E01 /* Build configuration list for PBXNativeTarget "SKDestructibleNode" */;
			buildPhases = (
				960480DF1C1DCFA300841E01 /* Sources */,
				960480E01C1DCFA300841E01 /* Frameworks */,
				960480E11C1DCFA300841E01 /* Resources */,
			);
			buildRules = (
			);
			dependencies = (
			);
			name = SKDestructibleNode;
			productName = SKDestructibleNode;
			productReference = 960480E31C1DCFA300841E01 /* SKDestructibleNode.app */;
			productType = "com.apple.product-type.application";
		};
/* End PBXNativeTarget section */

/* Begin PBXProject section */
		960480DB1C1DCFA300841E01 /* Project object */ = {
			isa = PBXProject;
			attributes = {
				LastSwiftUpdateCheck = 0720;
				LastUpgradeCheck = 0720;
				ORGANIZATIONNAME = "Trent Sartain";
				TargetAttributes = {
					960480E21C1DCFA300841E01 = {
						CreatedOnToolsVersion = 7.2;
					};
				};
			};
			buildConfigurationList = 960480DE1C1DCFA300841E01 /* Build configuration list for PBXProject "SKDestructibleNode" */;
			compatibilityVersion = "Xcode 3.2";
			developmentRegion = English;
			hasScannedForEncodings = 0;
			knownRegions = (
				en,
				Base,
			);
			mainGroup = 960480DA1C1DCFA300841E01;
			productRefGroup = 960480E41C1DCFA300841E01 /* Products */;
			projectDirPath = "";
			projectRoot = "";
			targets = (
				960480E21C1DCFA300841E01 /* SKDestructibleNode */,
			);
		};
/* End PBXProject section */

/* Begin PBXResourcesBuildPhase section */
		960480E11C1DCFA300841E01 /* Resources */ = {
			isa = PBXResourcesBuildPhase;
			buildActionMask = 2147483647;
			files = (
				967E7E321C1DD01800416BB3 /* SinisterClown.png in Resources */,
				960480E91C1DCFA300841E01 /* GameScene.sks in Resources */,
				967E7E2F1C1DD01800416BB3 /* Circle.png in Resources */,
				960480F51C1DCFA300841E01 /* LaunchScreen.storyboard in Resources */,
				960480F21C1DCFA300841E01 /* Assets.xcassets in Resources */,
				967E7E311C1DD01800416BB3 /* House.png in Resources */,
				967E7E341C1DD01800416BB3 /* RoundedSquare.png in Resources */,
				967E7E301C1DD01800416BB3 /* Mario.png in Resources */,
				967E7E331C1DD01800416BB3 /* Bacon.png in Resources */,
				960480F01C1DCFA300841E01 /* Main.storyboard in Resources */,
			);
			runOnlyForDeploymentPostprocessing = 0;
		};
/* End PBXResourcesBuildPhase section */

/* Begin PBXSourcesBuildPhase section */
		960480DF1C1DCFA300841E01 /* Sources */ = {
			isa = PBXSourcesBuildPhase;
			buildActionMask = 2147483647;
			files = (
				960480EB1C1DCFA300841E01 /* GameScene.swift in Sources */,
				967E7E281C1DCFD600416BB3 /* SKDestructibleNode.swift in Sources */,
				960480ED1C1DCFA300841E01 /* GameViewController.swift in Sources */,
				960480E71C1DCFA300841E01 /* AppDelegate.swift in Sources */,
			);
			runOnlyForDeploymentPostprocessing = 0;
		};
/* End PBXSourcesBuildPhase section */

/* Begin PBXVariantGroup section */
		960480EE1C1DCFA300841E01 /* Main.storyboard */ = {
			isa = PBXVariantGroup;
			children = (
				960480EF1C1DCFA300841E01 /* Base */,
			);
			name = Main.storyboard;
			sourceTree = "<group>";
		};
		960480F31C1DCFA300841E01 /* LaunchScreen.storyboard */ = {
			isa = PBXVariantGroup;
			children = (
				960480F41C1DCFA300841E01 /* Base */,
			);
			name = LaunchScreen.storyboard;
			sourceTree = "<group>";
		};
/* End PBXVariantGroup section */

/* Begin XCBuildConfiguration section */
		960480F71C1DCFA300841E01 /* Debug */ = {
			isa = XCBuildConfiguration;
			buildSettings = {
				ALWAYS_SEARCH_USER_PATHS = NO;
				CLANG_CXX_LANGUAGE_STANDARD = "gnu++0x";
				CLANG_CXX_LIBRARY = "libc++";
				CLANG_ENABLE_MODULES = YES;
				CLANG_ENABLE_OBJC_ARC = YES;
				CLANG_WARN_BOOL_CONVERSION = YES;
				CLANG_WARN_CONSTANT_CONVERSION = YES;
				CLANG_WARN_DIRECT_OBJC_ISA_USAGE = YES_ERROR;
				CLANG_WARN_EMPTY_BODY = YES;
				CLANG_WARN_ENUM_CONVERSION = YES;
				CLANG_WARN_INT_CONVERSION = YES;
				CLANG_WARN_OBJC_ROOT_CLASS = YES_ERROR;
				CLANG_WARN_UNREACHABLE_CODE = YES;
				CLANG_WARN__DUPLICATE_METHOD_MATCH = YES;
				"CODE_SIGN_IDENTITY[sdk=iphoneos*]" = "iPhone Developer";
				COPY_PHASE_STRIP = NO;
				DEBUG_INFORMATION_FORMAT = "dwarf-with-dsym";
				ENABLE_STRICT_OBJC_MSGSEND = YES;
				ENABLE_TESTABILITY = YES;
				GCC_C_LANGUAGE_STANDARD = gnu99;
				GCC_DYNAMIC_NO_PIC = NO;
				GCC_NO_COMMON_BLOCKS = YES;
				GCC_OPTIMIZATION_LEVEL = 0;
				GCC_PREPROCESSOR_DEFINITIONS = (
					"DEBUG=1",
					"$(inherited)",
				);
				GCC_WARN_64_TO_32_BIT_CONVERSION = YES;
				GCC_WARN_ABOUT_RETURN_TYPE = YES_ERROR;
				GCC_WARN_UNDECLARED_SELECTOR = YES;
				GCC_WARN_UNINITIALIZED_AUTOS = YES_AGGRESSIVE;
				GCC_WARN_UNUSED_FUNCTION = YES;
				GCC_WARN_UNUSED_VARIABLE = YES;
				IPHONEOS_DEPLOYMENT_TARGET = 9.2;
				MTL_ENABLE_DEBUG_INFO = YES;
				ONLY_ACTIVE_ARCH = YES;
				SDKROOT = iphoneos;
				SWIFT_OPTIMIZATION_LEVEL = "-Onone";
				TARGETED_DEVICE_FAMILY = "1,2";
			};
			name = Debug;
		};
		960480F81C1DCFA300841E01 /* Release */ = {
			isa = XCBuildConfiguration;
			buildSettings = {
				ALWAYS_SEARCH_USER_PATHS = NO;
				CLANG_CXX_LANGUAGE_STANDARD = "gnu++0x";
				CLANG_CXX_LIBRARY = "libc++";
				CLANG_ENABLE_MODULES = YES;
				CLANG_ENABLE_OBJC_ARC = YES;
				CLANG_WARN_BOOL_CONVERSION = YES;
				CLANG_WARN_CONSTANT_CONVERSION = YES;
				CLANG_WARN_DIRECT_OBJC_ISA_USAGE = YES_ERROR;
				CLANG_WARN_EMPTY_BODY = YES;
				CLANG_WARN_ENUM_CONVERSION = YES;
				CLANG_WARN_INT_CONVERSION = YES;
				CLANG_WARN_OBJC_ROOT_CLASS = YES_ERROR;
				CLANG_WARN_UNREACHABLE_CODE = YES;
				CLANG_WARN__DUPLICATE_METHOD_MATCH = YES;
				"CODE_SIGN_IDENTITY[sdk=iphoneos*]" = "iPhone Developer";
				COPY_PHASE_STRIP = NO;
				DEBUG_INFORMATION_FORMAT = "dwarf-with-dsym";
				ENABLE_NS_ASSERTIONS = NO;
				ENABLE_STRICT_OBJC_MSGSEND = YES;
				GCC_C_LANGUAGE_STANDARD = gnu99;
				GCC_NO_COMMON_BLOCKS = YES;
				GCC_WARN_64_TO_32_BIT_CONVERSION = YES;
				GCC_WARN_ABOUT_RETURN_TYPE = YES_ERROR;
				GCC_WARN_UNDECLARED_SELECTOR = YES;
				GCC_WARN_UNINITIALIZED_AUTOS = YES_AGGRESSIVE;
				GCC_WARN_UNUSED_FUNCTION = YES;
				GCC_WARN_UNUSED_VARIABLE = YES;
				IPHONEOS_DEPLOYMENT_TARGET = 9.2;
				MTL_ENABLE_DEBUG_INFO = NO;
				SDKROOT = iphoneos;
				TARGETED_DEVICE_FAMILY = "1,2";
				VALIDATE_PRODUCT = YES;
			};
			name = Release;
		};
		960480FA1C1DCFA300841E01 /* Debug */ = {
			isa = XCBuildConfiguration;
			buildSettings = {
				ASSETCATALOG_COMPILER_APPICON_NAME = AppIcon;
				INFOPLIST_FILE = SKDestructibleNode/Info.plist;
				LD_RUNPATH_SEARCH_PATHS = "$(inherited) @executable_path/Frameworks";
				PRODUCT_BUNDLE_IDENTIFIER = "Bit-Flip-Orchard.SKDestructibleNode";
				PRODUCT_NAME = "$(TARGET_NAME)";
			};
			name = Debug;
		};
		960480FB1C1DCFA300841E01 /* Release */ = {
			isa = XCBuildConfiguration;
			buildSettings = {
				ASSETCATALOG_COMPILER_APPICON_NAME = AppIcon;
				INFOPLIST_FILE = SKDestructibleNode/Info.plist;
				LD_RUNPATH_SEARCH_PATHS = "$(inherited) @executable_path/Frameworks";
				PRODUCT_BUNDLE_IDENTIFIER = "Bit-Flip-Orchard.SKDestructibleNode";
				PRODUCT_NAME = "$(TARGET_NAME)";
			};
			name = Release;
		};
/* End XCBuildConfiguration section */

/* Begin XCConfigurationList section */
		960480DE1C1DCFA300841E01 /* Build configuration list for PBXProject "SKDestructibleNode" */ = {
			isa = XCConfigurationList;
			buildConfigurations = (
				960480F71C1DCFA300841E01 /* Debug */,
				960480F81C1DCFA300841E01 /* Release */,
			);
			defaultConfigurationIsVisible = 0;
			defaultConfigurationName = Release;
		};
		960480F91C1DCFA300841E01 /* Build configuration list for PBXNativeTarget "SKDestructibleNode" */ = {
			isa = XCConfigurationList;
			buildConfigurations = (
				960480FA1C1DCFA300841E01 /* Debug */,
				960480FB1C1DCFA300841E01 /* Release */,
			);
			defaultConfigurationIsVisible = 0;
			defaultConfigurationName = Release;
		};
/* End XCConfigurationList section */
	};
	rootObject = 960480DB1C1DCFA300841E01 /* Project object */;
}
